<?xml version="1.0" encoding="utf-8"?>
<Project ToolsVersion="4.0" xmlns="http://schemas.microsoft.com/developer/msbuild/2003">
  <ItemGroup>
    <ClCompile Include="Source\Node.cpp" />
    <ClCompile Include="Source\RGBpixmap.cpp" />
    <ClCompile Include="Source\SceneLoader.cpp" />
    <ClCompile Include="Source\XML_alunos.cpp" />
    <ClCompile Include="C:\Users\Tiago\Documents\Visual Studio 2010\Projects\teste\teste\text3d.cpp" />
  </ItemGroup>
  <ItemGroup>
    <ClInclude Include="Source\game.h" />
    <ClInclude Include="Source\RGBpixmap.h" />
    <ClInclude Include="Source\SceneLoader.h" />
    <ClInclude Include="C:\Users\Tiago\Documents\Visual Studio 2010\Projects\teste\teste\text3d.h" />
  </ItemGroup>
  <ItemGroup>
    <None Include="hasamiShogi.sgx" />
    <None Include="C:\Users\Tiago\Documents\Visual Studio 2010\Projects\teste\teste\charset" />
  </ItemGroup>
</Project>